{
  "lockfileVersion": 1,
  "workspaces": {
    "": {
      "name": "claude-mcp-servers-root",
      "dependencies": {
        "dotenv": "^16.4.5",
      },
    },
  },
  "packages": {
    "dotenv": ["dotenv@16.4.7", "", {}, "sha512-47qPchRCykZC03FhkYAhrvwU4xDBFIj1QPqaarj6mdM/hgUzfPHcpkHJOn3mJAufFeeAxAzeGsr5X0M4k6fLZQ=="],
  }
}
